
Microsoft Visual Studio Solution File, Format Version 12.00
# Visual Studio Version 17
VisualStudioVersion = 17.5.002.0
MinimumVisualStudioVersion = 10.0.40219.1
Project("{9A19103F-16F7-4668-BE54-9A1E7A4F7556}") = "P2P-Chat-Program", "P2P-Chat-Program.csproj", "{21E971D2-2D73-4129-9DDA-00C9CF8AD7A2}"
EndProject
Global
	GlobalSection(SolutionConfigurationPlatforms) = preSolution
		Debug|Any CPU = Debug|Any CPU
		Release|Any CPU = Release|Any CPU
	EndGlobalSection
	GlobalSection(ProjectConfigurationPlatforms) = postSolution
		{21E971D2-2D73-4129-9DDA-00C9CF8AD7A2}.Debug|Any CPU.ActiveCfg = Debug|Any CPU
		{21E971D2-2D73-4129-9DDA-00C9CF8AD7A2}.Debug|Any CPU.Build.0 = Debug|Any CPU
		{21E971D2-2D73-4129-9DDA-00C9CF8AD7A2}.Release|Any CPU.ActiveCfg = Release|Any CPU
		{21E971D2-2D73-4129-9DDA-00C9CF8AD7A2}.Release|Any CPU.Build.0 = Release|Any CPU
	EndGlobalSection
	GlobalSection(SolutionProperties) = preSolution
		HideSolutionNode = FALSE
	EndGlobalSection
	GlobalSection(ExtensibilityGlobals) = postSolution
		SolutionGuid = {84B0D99D-2601-4AE4-B131-C56A7F1692D1}
	EndGlobalSection
EndGlobal
