
Microsoft Visual Studio Solution File, Format Version 12.00
# Visual Studio Version 17
VisualStudioVersion = 17.7.34221.43
MinimumVisualStudioVersion = 10.0.40219.1
Project("{9A19103F-16F7-4668-BE54-9A1E7A4F7556}") = "P2PChat-Core", "Core\P2PChat-Core.csproj", "{8E953B7F-4195-4AED-9CD6-FA7612F3451B}"
EndProject
Project("{9A19103F-16F7-4668-BE54-9A1E7A4F7556}") = "P2PChat-Console", "Console\P2PChat-Console.csproj", "{EAE2AF6B-238E-4C56-BD5B-1D6623729A50}"
EndProject
Project("{9A19103F-16F7-4668-BE54-9A1E7A4F7556}") = "P2PChat-Gui", "Gui\P2PChat-Gui.csproj", "{C14ADB99-94EB-43D0-8996-631BF5346537}"
EndProject
Global
	GlobalSection(SolutionConfigurationPlatforms) = preSolution
		Debug|Any CPU = Debug|Any CPU
		Release|Any CPU = Release|Any CPU
	EndGlobalSection
	GlobalSection(ProjectConfigurationPlatforms) = postSolution
		{8E953B7F-4195-4AED-9CD6-FA7612F3451B}.Debug|Any CPU.ActiveCfg = Debug|Any CPU
		{8E953B7F-4195-4AED-9CD6-FA7612F3451B}.Release|Any CPU.ActiveCfg = Release|Any CPU
		{8E953B7F-4195-4AED-9CD6-FA7612F3451B}.Release|Any CPU.Build.0 = Release|Any CPU
		{EAE2AF6B-238E-4C56-BD5B-1D6623729A50}.Debug|Any CPU.ActiveCfg = Debug|Any CPU
		{EAE2AF6B-238E-4C56-BD5B-1D6623729A50}.Release|Any CPU.ActiveCfg = Release|Any CPU
		{EAE2AF6B-238E-4C56-BD5B-1D6623729A50}.Release|Any CPU.Build.0 = Release|Any CPU
		{C14ADB99-94EB-43D0-8996-631BF5346537}.Debug|Any CPU.ActiveCfg = Debug|Any CPU
		{C14ADB99-94EB-43D0-8996-631BF5346537}.Debug|Any CPU.Build.0 = Debug|Any CPU
		{C14ADB99-94EB-43D0-8996-631BF5346537}.Debug|Any CPU.Deploy.0 = Debug|Any CPU
		{C14ADB99-94EB-43D0-8996-631BF5346537}.Release|Any CPU.ActiveCfg = Release|Any CPU
		{C14ADB99-94EB-43D0-8996-631BF5346537}.Release|Any CPU.Build.0 = Release|Any CPU
		{C14ADB99-94EB-43D0-8996-631BF5346537}.Release|Any CPU.Deploy.0 = Release|Any CPU
	EndGlobalSection
	GlobalSection(SolutionProperties) = preSolution
		HideSolutionNode = FALSE
	EndGlobalSection
	GlobalSection(ExtensibilityGlobals) = postSolution
		SolutionGuid = {DD051F47-F43B-404A-96C5-28DFCAFB5DDA}
	EndGlobalSection
EndGlobal
